// !$*UTF8*$!
{
	archiveVersion = 1;
	classes = {
	};
	objectVersion = 46;
	objects = {

/* Begin PBXBuildFile section */
		EC4299331F1E957000D9550E /* AppDelegate.swift in Sources */ = {isa = PBXBuildFile; fileRef = EC4299321F1E957000D9550E /* AppDelegate.swift */; };
		EC4299351F1E957000D9550E /* GameScene.sks in Resources */ = {isa = PBXBuildFile; fileRef = EC4299341F1E957000D9550E /* GameScene.sks */; };
		EC4299371F1E957000D9550E /* Actions.sks in Resources */ = {isa = PBXBuildFile; fileRef = EC4299361F1E957000D9550E /* Actions.sks */; };
		EC4299391F1E957000D9550E /* GameScene.swift in Sources */ = {isa = PBXBuildFile; fileRef = EC4299381F1E957000D9550E /* GameScene.swift */; };
		EC42993B1F1E957000D9550E /* GameViewController.swift in Sources */ = {isa = PBXBuildFile; fileRef = EC42993A1F1E957000D9550E /* GameViewController.swift */; };
		EC42993E1F1E957000D9550E /* Main.storyboard in Resources */ = {isa = PBXBuildFile; fileRef = EC42993C1F1E957000D9550E /* Main.storyboard */; };
		EC4299401F1E957000D9550E /* Assets.xcassets in Resources */ = {isa = PBXBuildFile; fileRef = EC42993F1F1E957000D9550E /* Assets.xcassets */; };
		EC4299431F1E957000D9550E /* LaunchScreen.storyboard in Resources */ = {isa = PBXBuildFile; fileRef = EC4299411F1E957000D9550E /* LaunchScreen.storyboard */; };
		EC42994B1F1E9D2900D9550E /* Platform.sks in Resources */ = {isa = PBXBuildFile; fileRef = EC42994A1F1E9D2900D9550E /* Platform.sks */; };
		EC7940451F1EAFC400595845 /* Hero.swift in Sources */ = {isa = PBXBuildFile; fileRef = EC7940441F1EAFC400595845 /* Hero.swift */; };
/* End PBXBuildFile section */

/* Begin PBXFileReference section */
		EC42992F1F1E957000D9550E /* Ascension.app */ = {isa = PBXFileReference; explicitFileType = wrapper.application; includeInIndex = 0; path = Ascension.app; sourceTree = BUILT_PRODUCTS_DIR; };
		EC4299321F1E957000D9550E /* AppDelegate.swift */ = {isa = PBXFileReference; lastKnownFileType = sourcecode.swift; path = AppDelegate.swift; sourceTree = "<group>"; };
		EC4299341F1E957000D9550E /* GameScene.sks */ = {isa = PBXFileReference; lastKnownFileType = file.sks; path = GameScene.sks; sourceTree = "<group>"; };
		EC4299361F1E957000D9550E /* Actions.sks */ = {isa = PBXFileReference; lastKnownFileType = file.sks; path = Actions.sks; sourceTree = "<group>"; };
		EC4299381F1E957000D9550E /* GameScene.swift */ = {isa = PBXFileReference; lastKnownFileType = sourcecode.swift; path = GameScene.swift; sourceTree = "<group>"; };
		EC42993A1F1E957000D9550E /* GameViewController.swift */ = {isa = PBXFileReference; lastKnownFileType = sourcecode.swift; path = GameViewController.swift; sourceTree = "<group>"; };
		EC42993D1F1E957000D9550E /* Base */ = {isa = PBXFileReference; lastKnownFileType = file.storyboard; name = Base; path = Base.lproj/Main.storyboard; sourceTree = "<group>"; };
		EC42993F1F1E957000D9550E /* Assets.xcassets */ = {isa = PBXFileReference; lastKnownFileType = folder.assetcatalog; path = Assets.xcassets; sourceTree = "<group>"; };
		EC4299421F1E957000D9550E /* Base */ = {isa = PBXFileReference; lastKnownFileType = file.storyboard; name = Base; path = Base.lproj/LaunchScreen.storyboard; sourceTree = "<group>"; };
		EC4299441F1E957000D9550E /* Info.plist */ = {isa = PBXFileReference; lastKnownFileType = text.plist.xml; path = Info.plist; sourceTree = "<group>"; };
		EC42994A1F1E9D2900D9550E /* Platform.sks */ = {isa = PBXFileReference; lastKnownFileType = file.sks; path = Platform.sks; sourceTree = "<group>"; };
		EC7940441F1EAFC400595845 /* Hero.swift */ = {isa = PBXFileReference; fileEncoding = 4; lastKnownFileType = sourcecode.swift; path = Hero.swift; sourceTree = "<group>"; };
/* End PBXFileReference section */

/* Begin PBXFrameworksBuildPhase section */
		EC42992C1F1E957000D9550E /* Frameworks */ = {
			isa = PBXFrameworksBuildPhase;
			buildActionMask = 2147483647;
			files = (
			);
			runOnlyForDeploymentPostprocessing = 0;
		};
/* End PBXFrameworksBuildPhase section */

/* Begin PBXGroup section */
		EC4299261F1E957000D9550E = {
			isa = PBXGroup;
			children = (
				EC4299311F1E957000D9550E /* Ascension */,
				EC4299301F1E957000D9550E /* Products */,
			);
			sourceTree = "<group>";
		};
		EC4299301F1E957000D9550E /* Products */ = {
			isa = PBXGroup;
			children = (
				EC42992F1F1E957000D9550E /* Ascension.app */,
			);
			name = Products;
			sourceTree = "<group>";
		};
		EC4299311F1E957000D9550E /* Ascension */ = {
			isa = PBXGroup;
			children = (
				EC4299321F1E957000D9550E /* AppDelegate.swift */,
				EC42994A1F1E9D2900D9550E /* Platform.sks */,
				EC4299361F1E957000D9550E /* Actions.sks */,
				EC4299341F1E957000D9550E /* GameScene.sks */,
				EC4299381F1E957000D9550E /* GameScene.swift */,
				EC7940441F1EAFC400595845 /* Hero.swift */,
				EC42993A1F1E957000D9550E /* GameViewController.swift */,
				EC42993C1F1E957000D9550E /* Main.storyboard */,
				EC42993F1F1E957000D9550E /* Assets.xcassets */,
				EC4299411F1E957000D9550E /* LaunchScreen.storyboard */,
				EC4299441F1E957000D9550E /* Info.plist */,
			);
			path = Ascension;
			sourceTree = "<group>";
		};
/* End PBXGroup section */

/* Begin PBXNativeTarget section */
		EC42992E1F1E957000D9550E /* Ascension */ = {
			isa = PBXNativeTarget;
			buildConfigurationList = EC4299471F1E957000D9550E /* Build configuration list for PBXNativeTarget "Ascension" */;
			buildPhases = (
				EC42992B1F1E957000D9550E /* Sources */,
				EC42992C1F1E957000D9550E /* Frameworks */,
				EC42992D1F1E957000D9550E /* Resources */,
			);
			buildRules = (
			);
			dependencies = (
			);
			name = Ascension;
			productName = Ascension;
			productReference = EC42992F1F1E957000D9550E /* Ascension.app */;
			productType = "com.apple.product-type.application";
		};
/* End PBXNativeTarget section */

/* Begin PBXProject section */
		EC4299271F1E957000D9550E /* Project object */ = {
			isa = PBXProject;
			attributes = {
				LastSwiftUpdateCheck = 0830;
				LastUpgradeCheck = 0830;
				ORGANIZATIONNAME = "Make School";
				TargetAttributes = {
					EC42992E1F1E957000D9550E = {
						CreatedOnToolsVersion = 8.3.3;
						DevelopmentTeam = TZSCWHTC4F;
						ProvisioningStyle = Automatic;
					};
				};
			};
			buildConfigurationList = EC42992A1F1E957000D9550E /* Build configuration list for PBXProject "Ascension" */;
			compatibilityVersion = "Xcode 3.2";
			developmentRegion = English;
			hasScannedForEncodings = 0;
			knownRegions = (
				en,
				Base,
			);
			mainGroup = EC4299261F1E957000D9550E;
			productRefGroup = EC4299301F1E957000D9550E /* Products */;
			projectDirPath = "";
			projectRoot = "";
			targets = (
				EC42992E1F1E957000D9550E /* Ascension */,
			);
		};
/* End PBXProject section */

/* Begin PBXResourcesBuildPhase section */
		EC42992D1F1E957000D9550E /* Resources */ = {
			isa = PBXResourcesBuildPhase;
			buildActionMask = 2147483647;
			files = (
				EC42993E1F1E957000D9550E /* Main.storyboard in Resources */,
				EC4299351F1E957000D9550E /* GameScene.sks in Resources */,
				EC4299401F1E957000D9550E /* Assets.xcassets in Resources */,
				EC4299431F1E957000D9550E /* LaunchScreen.storyboard in Resources */,
				EC42994B1F1E9D2900D9550E /* Platform.sks in Resources */,
				EC4299371F1E957000D9550E /* Actions.sks in Resources */,
			);
			runOnlyForDeploymentPostprocessing = 0;
		};
/* End PBXResourcesBuildPhase section */

/* Begin PBXSourcesBuildPhase section */
		EC42992B1F1E957000D9550E /* Sources */ = {
			isa = PBXSourcesBuildPhase;
			buildActionMask = 2147483647;
			files = (
				EC4299391F1E957000D9550E /* GameScene.swift in Sources */,
				EC42993B1F1E957000D9550E /* GameViewController.swift in Sources */,
				EC4299331F1E957000D9550E /* AppDelegate.swift in Sources */,
				EC7940451F1EAFC400595845 /* Hero.swift in Sources */,
			);
			runOnlyForDeploymentPostprocessing = 0;
		};
/* End PBXSourcesBuildPhase section */

/* Begin PBXVariantGroup section */
		EC42993C1F1E957000D9550E /* Main.storyboard */ = {
			isa = PBXVariantGroup;
			children = (
				EC42993D1F1E957000D9550E /* Base */,
			);
			name = Main.storyboard;
			sourceTree = "<group>";
		};
		EC4299411F1E957000D9550E /* LaunchScreen.storyboard */ = {
			isa = PBXVariantGroup;
			children = (
				EC4299421F1E957000D9550E /* Base */,
			);
			name = LaunchScreen.storyboard;
			sourceTree = "<group>";
		};
/* End PBXVariantGroup section */

/* Begin XCBuildConfiguration section */
		EC4299451F1E957000D9550E /* Debug */ = {
			isa = XCBuildConfiguration;
			buildSettings = {
				ALWAYS_SEARCH_USER_PATHS = NO;
				CLANG_ANALYZER_NONNULL = YES;
				CLANG_ANALYZER_NUMBER_OBJECT_CONVERSION = YES_AGGRESSIVE;
				CLANG_CXX_LANGUAGE_STANDARD = "gnu++0x";
				CLANG_CXX_LIBRARY = "libc++";
				CLANG_ENABLE_MODULES = YES;
				CLANG_ENABLE_OBJC_ARC = YES;
				CLANG_WARN_BOOL_CONVERSION = YES;
				CLANG_WARN_CONSTANT_CONVERSION = YES;
				CLANG_WARN_DIRECT_OBJC_ISA_USAGE = YES_ERROR;
				CLANG_WARN_DOCUMENTATION_COMMENTS = YES;
				CLANG_WARN_EMPTY_BODY = YES;
				CLANG_WARN_ENUM_CONVERSION = YES;
				CLANG_WARN_INFINITE_RECURSION = YES;
				CLANG_WARN_INT_CONVERSION = YES;
				CLANG_WARN_OBJC_ROOT_CLASS = YES_ERROR;
				CLANG_WARN_SUSPICIOUS_MOVE = YES;
				CLANG_WARN_UNREACHABLE_CODE = YES;
				CLANG_WARN__DUPLICATE_METHOD_MATCH = YES;
				"CODE_SIGN_IDENTITY[sdk=iphoneos*]" = "iPhone Developer";
				COPY_PHASE_STRIP = NO;
				DEBUG_INFORMATION_FORMAT = dwarf;
				ENABLE_STRICT_OBJC_MSGSEND = YES;
				ENABLE_TESTABILITY = YES;
				GCC_C_LANGUAGE_STANDARD = gnu99;
				GCC_DYNAMIC_NO_PIC = NO;
				GCC_NO_COMMON_BLOCKS = YES;
				GCC_OPTIMIZATION_LEVEL = 0;
				GCC_PREPROCESSOR_DEFINITIONS = (
					"DEBUG=1",
					"$(inherited)",
				);
				GCC_WARN_64_TO_32_BIT_CONVERSION = YES;
				GCC_WARN_ABOUT_RETURN_TYPE = YES_ERROR;
				GCC_WARN_UNDECLARED_SELECTOR = YES;
				GCC_WARN_UNINITIALIZED_AUTOS = YES_AGGRESSIVE;
				GCC_WARN_UNUSED_FUNCTION = YES;
				GCC_WARN_UNUSED_VARIABLE = YES;
				IPHONEOS_DEPLOYMENT_TARGET = 10.3;
				MTL_ENABLE_DEBUG_INFO = YES;
				ONLY_ACTIVE_ARCH = YES;
				SDKROOT = iphoneos;
				SWIFT_ACTIVE_COMPILATION_CONDITIONS = DEBUG;
				SWIFT_OPTIMIZATION_LEVEL = "-Onone";
				TARGETED_DEVICE_FAMILY = "1,2";
			};
			name = Debug;
		};
		EC4299461F1E957000D9550E /* Release */ = {
			isa = XCBuildConfiguration;
			buildSettings = {
				ALWAYS_SEARCH_USER_PATHS = NO;
				CLANG_ANALYZER_NONNULL = YES;
				CLANG_ANALYZER_NUMBER_OBJECT_CONVERSION = YES_AGGRESSIVE;
				CLANG_CXX_LANGUAGE_STANDARD = "gnu++0x";
				CLANG_CXX_LIBRARY = "libc++";
				CLANG_ENABLE_MODULES = YES;
				CLANG_ENABLE_OBJC_ARC = YES;
				CLANG_WARN_BOOL_CONVERSION = YES;
				CLANG_WARN_CONSTANT_CONVERSION = YES;
				CLANG_WARN_DIRECT_OBJC_ISA_USAGE = YES_ERROR;
				CLANG_WARN_DOCUMENTATION_COMMENTS = YES;
				CLANG_WARN_EMPTY_BODY = YES;
				CLANG_WARN_ENUM_CONVERSION = YES;
				CLANG_WARN_INFINITE_RECURSION = YES;
				CLANG_WARN_INT_CONVERSION = YES;
				CLANG_WARN_OBJC_ROOT_CLASS = YES_ERROR;
				CLANG_WARN_SUSPICIOUS_MOVE = YES;
				CLANG_WARN_UNREACHABLE_CODE = YES;
				CLANG_WARN__DUPLICATE_METHOD_MATCH = YES;
				"CODE_SIGN_IDENTITY[sdk=iphoneos*]" = "iPhone Developer";
				COPY_PHASE_STRIP = NO;
				DEBUG_INFORMATION_FORMAT = "dwarf-with-dsym";
				ENABLE_NS_ASSERTIONS = NO;
				ENABLE_STRICT_OBJC_MSGSEND = YES;
				GCC_C_LANGUAGE_STANDARD = gnu99;
				GCC_NO_COMMON_BLOCKS = YES;
				GCC_WARN_64_TO_32_BIT_CONVERSION = YES;
				GCC_WARN_ABOUT_RETURN_TYPE = YES_ERROR;
				GCC_WARN_UNDECLARED_SELECTOR = YES;
				GCC_WARN_UNINITIALIZED_AUTOS = YES_AGGRESSIVE;
				GCC_WARN_UNUSED_FUNCTION = YES;
				GCC_WARN_UNUSED_VARIABLE = YES;
				IPHONEOS_DEPLOYMENT_TARGET = 10.3;
				MTL_ENABLE_DEBUG_INFO = NO;
				SDKROOT = iphoneos;
				SWIFT_OPTIMIZATION_LEVEL = "-Owholemodule";
				TARGETED_DEVICE_FAMILY = "1,2";
				VALIDATE_PRODUCT = YES;
			};
			name = Release;
		};
		EC4299481F1E957000D9550E /* Debug */ = {
			isa = XCBuildConfiguration;
			buildSettings = {
				ASSETCATALOG_COMPILER_APPICON_NAME = AppIcon;
				DEVELOPMENT_TEAM = TZSCWHTC4F;
				INFOPLIST_FILE = Ascension/Info.plist;
				LD_RUNPATH_SEARCH_PATHS = "$(inherited) @executable_path/Frameworks";
				PRODUCT_BUNDLE_IDENTIFIER = com.makeschool.Ascension;
				PRODUCT_NAME = "$(TARGET_NAME)";
				SWIFT_VERSION = 3.0;
			};
			name = Debug;
		};
		EC4299491F1E957000D9550E /* Release */ = {
			isa = XCBuildConfiguration;
			buildSettings = {
				ASSETCATALOG_COMPILER_APPICON_NAME = AppIcon;
				DEVELOPMENT_TEAM = TZSCWHTC4F;
				INFOPLIST_FILE = Ascension/Info.plist;
				LD_RUNPATH_SEARCH_PATHS = "$(inherited) @executable_path/Frameworks";
				PRODUCT_BUNDLE_IDENTIFIER = com.makeschool.Ascension;
				PRODUCT_NAME = "$(TARGET_NAME)";
				SWIFT_VERSION = 3.0;
			};
			name = Release;
		};
/* End XCBuildConfiguration section */

/* Begin XCConfigurationList section */
		EC42992A1F1E957000D9550E /* Build configuration list for PBXProject "Ascension" */ = {
			isa = XCConfigurationList;
			buildConfigurations = (
				EC4299451F1E957000D9550E /* Debug */,
				EC4299461F1E957000D9550E /* Release */,
			);
			defaultConfigurationIsVisible = 0;
			defaultConfigurationName = Release;
		};
		EC4299471F1E957000D9550E /* Build configuration list for PBXNativeTarget "Ascension" */ = {
			isa = XCConfigurationList;
			buildConfigurations = (
				EC4299481F1E957000D9550E /* Debug */,
				EC4299491F1E957000D9550E /* Release */,
			);
			defaultConfigurationIsVisible = 0;
			defaultConfigurationName = Release;
		};
/* End XCConfigurationList section */
	};
	rootObject = EC4299271F1E957000D9550E /* Project object */;
}
